
Microsoft Visual Studio Solution File, Format Version 12.00
# Visual Studio Version 17
VisualStudioVersion = 17.3.32929.385
MinimumVisualStudioVersion = 10.0.40219.1
Project("{8BC9CEB8-8B4A-11D0-8D11-00A0C91BC942}") = "8LAB", "8LAB\8LAB.vcxproj", "{586BBAB1-817D-4D6D-902B-9B2AC350E633}"
EndProject
Global
	GlobalSection(SolutionConfigurationPlatforms) = preSolution
		Debug|x64 = Debug|x64
		Debug|x86 = Debug|x86
		Release|x64 = Release|x64
		Release|x86 = Release|x86
	EndGlobalSection
	GlobalSection(ProjectConfigurationPlatforms) = postSolution
		{586BBAB1-817D-4D6D-902B-9B2AC350E633}.Debug|x64.ActiveCfg = Debug|x64
		{586BBAB1-817D-4D6D-902B-9B2AC350E633}.Debug|x64.Build.0 = Debug|x64
		{586BBAB1-817D-4D6D-902B-9B2AC350E633}.Debug|x86.ActiveCfg = Debug|Win32
		{586BBAB1-817D-4D6D-902B-9B2AC350E633}.Debug|x86.Build.0 = Debug|Win32
		{586BBAB1-817D-4D6D-902B-9B2AC350E633}.Release|x64.ActiveCfg = Release|x64
		{586BBAB1-817D-4D6D-902B-9B2AC350E633}.Release|x64.Build.0 = Release|x64
		{586BBAB1-817D-4D6D-902B-9B2AC350E633}.Release|x86.ActiveCfg = Release|Win32
		{586BBAB1-817D-4D6D-902B-9B2AC350E633}.Release|x86.Build.0 = Release|Win32
	EndGlobalSection
	GlobalSection(SolutionProperties) = preSolution
		HideSolutionNode = FALSE
	EndGlobalSection
	GlobalSection(ExtensibilityGlobals) = postSolution
		SolutionGuid = {3C9A32E8-C6E0-4E0E-8343-F94CFE413CCF}
	EndGlobalSection
EndGlobal
